
Microsoft Visual Studio Solution File, Format Version 12.00
# Visual Studio Version 17
VisualStudioVersion = 17.4.33110.190
MinimumVisualStudioVersion = 10.0.40219.1
Project("{FAE04EC0-301F-11D3-BF4B-00C04F79EFBC}") = "LightCatalogue_Winform", "WinFormApp1\LightCatalogue_Winform.csproj", "{AEDAD69E-571A-440B-83EC-DA9CCA68BE8A}"
EndProject
Project("{FAE04EC0-301F-11D3-BF4B-00C04F79EFBC}") = "Entities", "Dominio\Entities.csproj", "{DDD1494A-85FF-4B7F-AB26-512A494F6EB5}"
EndProject
Project("{FAE04EC0-301F-11D3-BF4B-00C04F79EFBC}") = "Repositories", "Negocio\Repositories.csproj", "{56638B47-2DE6-43DF-84CF-E67FBCDCF662}"
EndProject
Project("{FAE04EC0-301F-11D3-BF4B-00C04F79EFBC}") = "carritoweb", "carritoweb\carritoweb.csproj", "{9EB00B14-DCBC-459B-9A89-99701AC47FDE}"
EndProject
Global
	GlobalSection(SolutionConfigurationPlatforms) = preSolution
		Debug|Any CPU = Debug|Any CPU
		Release|Any CPU = Release|Any CPU
	EndGlobalSection
	GlobalSection(ProjectConfigurationPlatforms) = postSolution
		{AEDAD69E-571A-440B-83EC-DA9CCA68BE8A}.Debug|Any CPU.ActiveCfg = Debug|Any CPU
		{AEDAD69E-571A-440B-83EC-DA9CCA68BE8A}.Debug|Any CPU.Build.0 = Debug|Any CPU
		{AEDAD69E-571A-440B-83EC-DA9CCA68BE8A}.Release|Any CPU.ActiveCfg = Release|Any CPU
		{AEDAD69E-571A-440B-83EC-DA9CCA68BE8A}.Release|Any CPU.Build.0 = Release|Any CPU
		{DDD1494A-85FF-4B7F-AB26-512A494F6EB5}.Debug|Any CPU.ActiveCfg = Debug|Any CPU
		{DDD1494A-85FF-4B7F-AB26-512A494F6EB5}.Debug|Any CPU.Build.0 = Debug|Any CPU
		{DDD1494A-85FF-4B7F-AB26-512A494F6EB5}.Release|Any CPU.ActiveCfg = Release|Any CPU
		{DDD1494A-85FF-4B7F-AB26-512A494F6EB5}.Release|Any CPU.Build.0 = Release|Any CPU
		{56638B47-2DE6-43DF-84CF-E67FBCDCF662}.Debug|Any CPU.ActiveCfg = Debug|Any CPU
		{56638B47-2DE6-43DF-84CF-E67FBCDCF662}.Debug|Any CPU.Build.0 = Debug|Any CPU
		{56638B47-2DE6-43DF-84CF-E67FBCDCF662}.Release|Any CPU.ActiveCfg = Release|Any CPU
		{56638B47-2DE6-43DF-84CF-E67FBCDCF662}.Release|Any CPU.Build.0 = Release|Any CPU
		{9EB00B14-DCBC-459B-9A89-99701AC47FDE}.Debug|Any CPU.ActiveCfg = Debug|Any CPU
		{9EB00B14-DCBC-459B-9A89-99701AC47FDE}.Debug|Any CPU.Build.0 = Debug|Any CPU
		{9EB00B14-DCBC-459B-9A89-99701AC47FDE}.Release|Any CPU.ActiveCfg = Release|Any CPU
		{9EB00B14-DCBC-459B-9A89-99701AC47FDE}.Release|Any CPU.Build.0 = Release|Any CPU
	EndGlobalSection
	GlobalSection(SolutionProperties) = preSolution
		HideSolutionNode = FALSE
	EndGlobalSection
	GlobalSection(ExtensibilityGlobals) = postSolution
		SolutionGuid = {CF48A993-EAF8-4937-95CA-CCF5A0CDB9DD}
	EndGlobalSection
EndGlobal
